
Microsoft Visual Studio Solution File, Format Version 12.00
# Visual Studio Version 16
VisualStudioVersion = 16.0.30225.117
MinimumVisualStudioVersion = 10.0.40219.1
Project("{2150E333-8FDC-42A3-9474-1A3956D46DE8}") = "Interfaces", "Interfaces", "{12C3BDC9-88DA-41ED-AC35-5C5D95587C00}"
EndProject
Project("{2150E333-8FDC-42A3-9474-1A3956D46DE8}") = "Databaces", "Databaces", "{DCE73AB8-4E83-4D43-88BB-5090B4DF2BB8}"
EndProject
Project("{9A19103F-16F7-4668-BE54-9A1E7A4F7556}") = "AdoNet", "AdoNet\AdoNet.csproj", "{C625C17B-C3F9-492E-8BD2-623B03120A4F}"
EndProject
Project("{9A19103F-16F7-4668-BE54-9A1E7A4F7556}") = "MyConsole", "MyConsole\MyConsole.csproj", "{F9A6DF6F-BDCA-433E-A9FA-212D1C2C4102}"
EndProject
Project("{FAE04EC0-301F-11D3-BF4B-00C04F79EFBC}") = "AdoNetFramework", "AdoNetFramework\AdoNetFramework.csproj", "{2494DF07-161A-4AE3-8B92-FF5E2E91CEA0}"
EndProject
Project("{FAE04EC0-301F-11D3-BF4B-00C04F79EFBC}") = "MyPracticeAdoNetFramework", "MyPracticeAdoNetFramework\MyPracticeAdoNetFramework.csproj", "{15D4775F-079F-46BA-9097-8D60E87E9E6C}"
EndProject
Project("{FAE04EC0-301F-11D3-BF4B-00C04F79EFBC}") = "MyWinforms", "MyWinforms\MyWinforms.csproj", "{41FB6EA4-7A3E-46FD-8062-A571A95AD5AC}"
EndProject
Project("{FAE04EC0-301F-11D3-BF4B-00C04F79EFBC}") = "ObjOrientProg", "ObjOrientProg\ObjOrientProg.csproj", "{E49B94A9-0129-46F6-8BF5-5060AA967257}"
EndProject
Project("{FAE04EC0-301F-11D3-BF4B-00C04F79EFBC}") = "MyCosoleForObjOrientProg", "MyCosoleForObjOrientProg\MyCosoleForObjOrientProg.csproj", "{37A8FF45-BB4A-4891-865A-EA1385438648}"
EndProject
Project("{FAE04EC0-301F-11D3-BF4B-00C04F79EFBC}") = "MyPractice", "MyPractice\MyPractice.csproj", "{DA4A891F-ED00-4CAF-9419-920F5D19142E}"
EndProject
Project("{2150E333-8FDC-42A3-9474-1A3956D46DE8}") = "OdjectOrientedProgramming", "OdjectOrientedProgramming", "{6DB4705D-335E-4B1D-A075-549C2E96AEF2}"
EndProject
Project("{2150E333-8FDC-42A3-9474-1A3956D46DE8}") = "Delegates", "Delegates", "{EDB2A179-7A70-4A51-9AAB-60967251612B}"
EndProject
Project("{FAE04EC0-301F-11D3-BF4B-00C04F79EFBC}") = "Logic", "Logic\Logic.csproj", "{EF76E26E-B67A-44CF-9F05-6AE341846F1A}"
EndProject
Project("{FAE04EC0-301F-11D3-BF4B-00C04F79EFBC}") = "MyCalculator", "MyCalculator\MyCalculator.csproj", "{7F2C1E21-9E3F-4507-A89A-F0BBAF0ED5FC}"
EndProject
Project("{2150E333-8FDC-42A3-9474-1A3956D46DE8}") = "MyCollections", "MyCollections", "{05A85E99-8A0D-4C62-AD22-2AECB893825B}"
EndProject
Project("{FAE04EC0-301F-11D3-BF4B-00C04F79EFBC}") = "Collections", "Collections\Collections.csproj", "{44186DAE-A72F-40EC-B81B-310EC9FA9E42}"
EndProject
Project("{FAE04EC0-301F-11D3-BF4B-00C04F79EFBC}") = "CollectionTests", "CollectionTests\CollectionTests.csproj", "{13736FCB-3D27-4B86-B6FE-67EF96354718}"
EndProject
Global
	GlobalSection(SolutionConfigurationPlatforms) = preSolution
		Debug|Any CPU = Debug|Any CPU
		Release|Any CPU = Release|Any CPU
	EndGlobalSection
	GlobalSection(ProjectConfigurationPlatforms) = postSolution
		{C625C17B-C3F9-492E-8BD2-623B03120A4F}.Debug|Any CPU.ActiveCfg = Debug|Any CPU
		{C625C17B-C3F9-492E-8BD2-623B03120A4F}.Debug|Any CPU.Build.0 = Debug|Any CPU
		{C625C17B-C3F9-492E-8BD2-623B03120A4F}.Release|Any CPU.ActiveCfg = Release|Any CPU
		{C625C17B-C3F9-492E-8BD2-623B03120A4F}.Release|Any CPU.Build.0 = Release|Any CPU
		{F9A6DF6F-BDCA-433E-A9FA-212D1C2C4102}.Debug|Any CPU.ActiveCfg = Debug|Any CPU
		{F9A6DF6F-BDCA-433E-A9FA-212D1C2C4102}.Debug|Any CPU.Build.0 = Debug|Any CPU
		{F9A6DF6F-BDCA-433E-A9FA-212D1C2C4102}.Release|Any CPU.ActiveCfg = Release|Any CPU
		{F9A6DF6F-BDCA-433E-A9FA-212D1C2C4102}.Release|Any CPU.Build.0 = Release|Any CPU
		{2494DF07-161A-4AE3-8B92-FF5E2E91CEA0}.Debug|Any CPU.ActiveCfg = Debug|Any CPU
		{2494DF07-161A-4AE3-8B92-FF5E2E91CEA0}.Debug|Any CPU.Build.0 = Debug|Any CPU
		{2494DF07-161A-4AE3-8B92-FF5E2E91CEA0}.Release|Any CPU.ActiveCfg = Release|Any CPU
		{2494DF07-161A-4AE3-8B92-FF5E2E91CEA0}.Release|Any CPU.Build.0 = Release|Any CPU
		{15D4775F-079F-46BA-9097-8D60E87E9E6C}.Debug|Any CPU.ActiveCfg = Debug|Any CPU
		{15D4775F-079F-46BA-9097-8D60E87E9E6C}.Debug|Any CPU.Build.0 = Debug|Any CPU
		{15D4775F-079F-46BA-9097-8D60E87E9E6C}.Release|Any CPU.ActiveCfg = Release|Any CPU
		{15D4775F-079F-46BA-9097-8D60E87E9E6C}.Release|Any CPU.Build.0 = Release|Any CPU
		{41FB6EA4-7A3E-46FD-8062-A571A95AD5AC}.Debug|Any CPU.ActiveCfg = Debug|Any CPU
		{41FB6EA4-7A3E-46FD-8062-A571A95AD5AC}.Debug|Any CPU.Build.0 = Debug|Any CPU
		{41FB6EA4-7A3E-46FD-8062-A571A95AD5AC}.Release|Any CPU.ActiveCfg = Release|Any CPU
		{41FB6EA4-7A3E-46FD-8062-A571A95AD5AC}.Release|Any CPU.Build.0 = Release|Any CPU
		{E49B94A9-0129-46F6-8BF5-5060AA967257}.Debug|Any CPU.ActiveCfg = Debug|Any CPU
		{E49B94A9-0129-46F6-8BF5-5060AA967257}.Debug|Any CPU.Build.0 = Debug|Any CPU
		{E49B94A9-0129-46F6-8BF5-5060AA967257}.Release|Any CPU.ActiveCfg = Release|Any CPU
		{E49B94A9-0129-46F6-8BF5-5060AA967257}.Release|Any CPU.Build.0 = Release|Any CPU
		{37A8FF45-BB4A-4891-865A-EA1385438648}.Debug|Any CPU.ActiveCfg = Debug|Any CPU
		{37A8FF45-BB4A-4891-865A-EA1385438648}.Debug|Any CPU.Build.0 = Debug|Any CPU
		{37A8FF45-BB4A-4891-865A-EA1385438648}.Release|Any CPU.ActiveCfg = Release|Any CPU
		{37A8FF45-BB4A-4891-865A-EA1385438648}.Release|Any CPU.Build.0 = Release|Any CPU
		{DA4A891F-ED00-4CAF-9419-920F5D19142E}.Debug|Any CPU.ActiveCfg = Debug|Any CPU
		{DA4A891F-ED00-4CAF-9419-920F5D19142E}.Debug|Any CPU.Build.0 = Debug|Any CPU
		{DA4A891F-ED00-4CAF-9419-920F5D19142E}.Release|Any CPU.ActiveCfg = Release|Any CPU
		{DA4A891F-ED00-4CAF-9419-920F5D19142E}.Release|Any CPU.Build.0 = Release|Any CPU
		{EF76E26E-B67A-44CF-9F05-6AE341846F1A}.Debug|Any CPU.ActiveCfg = Debug|Any CPU
		{EF76E26E-B67A-44CF-9F05-6AE341846F1A}.Debug|Any CPU.Build.0 = Debug|Any CPU
		{EF76E26E-B67A-44CF-9F05-6AE341846F1A}.Release|Any CPU.ActiveCfg = Release|Any CPU
		{EF76E26E-B67A-44CF-9F05-6AE341846F1A}.Release|Any CPU.Build.0 = Release|Any CPU
		{7F2C1E21-9E3F-4507-A89A-F0BBAF0ED5FC}.Debug|Any CPU.ActiveCfg = Debug|Any CPU
		{7F2C1E21-9E3F-4507-A89A-F0BBAF0ED5FC}.Debug|Any CPU.Build.0 = Debug|Any CPU
		{7F2C1E21-9E3F-4507-A89A-F0BBAF0ED5FC}.Release|Any CPU.ActiveCfg = Release|Any CPU
		{7F2C1E21-9E3F-4507-A89A-F0BBAF0ED5FC}.Release|Any CPU.Build.0 = Release|Any CPU
		{44186DAE-A72F-40EC-B81B-310EC9FA9E42}.Debug|Any CPU.ActiveCfg = Debug|Any CPU
		{44186DAE-A72F-40EC-B81B-310EC9FA9E42}.Debug|Any CPU.Build.0 = Debug|Any CPU
		{44186DAE-A72F-40EC-B81B-310EC9FA9E42}.Release|Any CPU.ActiveCfg = Release|Any CPU
		{44186DAE-A72F-40EC-B81B-310EC9FA9E42}.Release|Any CPU.Build.0 = Release|Any CPU
		{13736FCB-3D27-4B86-B6FE-67EF96354718}.Debug|Any CPU.ActiveCfg = Debug|Any CPU
		{13736FCB-3D27-4B86-B6FE-67EF96354718}.Debug|Any CPU.Build.0 = Debug|Any CPU
		{13736FCB-3D27-4B86-B6FE-67EF96354718}.Release|Any CPU.ActiveCfg = Release|Any CPU
		{13736FCB-3D27-4B86-B6FE-67EF96354718}.Release|Any CPU.Build.0 = Release|Any CPU
	EndGlobalSection
	GlobalSection(SolutionProperties) = preSolution
		HideSolutionNode = FALSE
	EndGlobalSection
	GlobalSection(NestedProjects) = preSolution
		{C625C17B-C3F9-492E-8BD2-623B03120A4F} = {DCE73AB8-4E83-4D43-88BB-5090B4DF2BB8}
		{F9A6DF6F-BDCA-433E-A9FA-212D1C2C4102} = {12C3BDC9-88DA-41ED-AC35-5C5D95587C00}
		{2494DF07-161A-4AE3-8B92-FF5E2E91CEA0} = {DCE73AB8-4E83-4D43-88BB-5090B4DF2BB8}
		{15D4775F-079F-46BA-9097-8D60E87E9E6C} = {12C3BDC9-88DA-41ED-AC35-5C5D95587C00}
		{41FB6EA4-7A3E-46FD-8062-A571A95AD5AC} = {12C3BDC9-88DA-41ED-AC35-5C5D95587C00}
		{E49B94A9-0129-46F6-8BF5-5060AA967257} = {DCE73AB8-4E83-4D43-88BB-5090B4DF2BB8}
		{37A8FF45-BB4A-4891-865A-EA1385438648} = {12C3BDC9-88DA-41ED-AC35-5C5D95587C00}
		{DA4A891F-ED00-4CAF-9419-920F5D19142E} = {6DB4705D-335E-4B1D-A075-549C2E96AEF2}
		{EF76E26E-B67A-44CF-9F05-6AE341846F1A} = {EDB2A179-7A70-4A51-9AAB-60967251612B}
		{7F2C1E21-9E3F-4507-A89A-F0BBAF0ED5FC} = {EDB2A179-7A70-4A51-9AAB-60967251612B}
		{44186DAE-A72F-40EC-B81B-310EC9FA9E42} = {05A85E99-8A0D-4C62-AD22-2AECB893825B}
		{13736FCB-3D27-4B86-B6FE-67EF96354718} = {05A85E99-8A0D-4C62-AD22-2AECB893825B}
	EndGlobalSection
	GlobalSection(ExtensibilityGlobals) = postSolution
		SolutionGuid = {A58D3491-B90C-4627-AD15-1AAF6151A7F7}
	EndGlobalSection
EndGlobal
